
Microsoft Visual Studio Solution File, Format Version 12.00
# Visual Studio Version 16
VisualStudioVersion = 16.0.30128.74
MinimumVisualStudioVersion = 10.0.40219.1
Project("{8BC9CEB8-8B4A-11D0-8D11-00A0C91BC942}") = "Sandbox", "Sandbox\Sandbox.vcxproj", "{6E30FCC3-CE8D-4608-8F6C-1491C896C021}"
EndProject
Project("{8BC9CEB8-8B4A-11D0-8D11-00A0C91BC942}") = "Hazel", "Hazel\Hazel.vcxproj", "{4C7784C7-DD52-466A-8219-0B15E5BF66D4}"
EndProject
Global
	GlobalSection(SolutionConfigurationPlatforms) = preSolution
		Debug|x64 = Debug|x64
		Release|x64 = Release|x64
	EndGlobalSection
	GlobalSection(ProjectConfigurationPlatforms) = postSolution
		{4C7784C7-DD52-466A-8219-0B15E5BF66D4}.Debug|x64.ActiveCfg = Debug|x64
		{4C7784C7-DD52-466A-8219-0B15E5BF66D4}.Debug|x64.Build.0 = Debug|x64
		{4C7784C7-DD52-466A-8219-0B15E5BF66D4}.Release|x64.ActiveCfg = Release|x64
		{4C7784C7-DD52-466A-8219-0B15E5BF66D4}.Release|x64.Build.0 = Release|x64
		{6E30FCC3-CE8D-4608-8F6C-1491C896C021}.Debug|x64.ActiveCfg = Debug|x64
		{6E30FCC3-CE8D-4608-8F6C-1491C896C021}.Debug|x64.Build.0 = Debug|x64
		{6E30FCC3-CE8D-4608-8F6C-1491C896C021}.Release|x64.ActiveCfg = Release|x64
		{6E30FCC3-CE8D-4608-8F6C-1491C896C021}.Release|x64.Build.0 = Release|x64
	EndGlobalSection
	GlobalSection(SolutionProperties) = preSolution
		HideSolutionNode = FALSE
	EndGlobalSection
	GlobalSection(ExtensibilityGlobals) = postSolution
		SolutionGuid = {37BAB97B-B93B-48B9-B990-B0E5A8197837}
	EndGlobalSection
EndGlobal
